<?xml version="1.0" encoding="utf-8"?>
<Project ToolsVersion="4.0" xmlns="http://schemas.microsoft.com/developer/msbuild/2003">
  <ItemGroup>
    <Filter Include="Source Files">
      <UniqueIdentifier>{4FC737F1-C7A5-4376-A066-2A32D752A2FF}</UniqueIdentifier>
      <Extensions>cpp;c;cc;cxx;c++;cppm;ixx;def;odl;idl;hpj;bat;asm;asmx</Extensions>
    </Filter>
    <Filter Include="Header Files">
      <UniqueIdentifier>{93995380-89BD-4b04-88EB-625FBE52EBFB}</UniqueIdentifier>
      <Extensions>h;hh;hpp;hxx;h++;hm;inl;inc;ipp;xsd</Extensions>
    </Filter>
    <Filter Include="Resource Files">
      <UniqueIdentifier>{67DA6AB6-F800-4c08-8B7A-83BB121AAD01}</UniqueIdentifier>
      <Extensions>rc;ico;cur;bmp;dlg;rc2;rct;bin;rgs;gif;jpg;jpeg;jpe;resx;tiff;tif;png;wav;mfcribbon-ms</Extensions>
    </Filter>
  </ItemGroup>
  <ItemGroup>
    <ClCompile Include="src\main.cpp">
      <Filter>Source Files</Filter>
    </ClCompile>
    <ClCompile Include="src\core\Game.cpp">
      <Filter>Source Files</Filter>
    </ClCompile>
    <ClCompile Include="src\core\InputHandler.cpp">
      <Filter>Source Files</Filter>
    </ClCompile>
    <ClCompile Include="src\actors\A_Mouse.cpp">
      <Filter>Source Files</Filter>
    </ClCompile>
    <ClCompile Include="src\core\Actors.cpp">
      <Filter>Source Files</Filter>
    </ClCompile>
    <ClCompile Include="src\actors\A_Joueur.cpp">
      <Filter>Source Files</Filter>
    </ClCompile>
    <ClCompile Include="src\actors\A_Map.cpp">
      <Filter>Source Files</Filter>
    </ClCompile>
    <ClCompile Include="src\actors\A_Camera.cpp">
      <Filter>Source Files</Filter>
    </ClCompile>
    <ClCompile Include="src\res\debugfont.cpp">
      <Filter>Source Files</Filter>
    </ClCompile>
    <ClCompile Include="src\actors\A_Inter.cpp">
      <Filter>Source Files</Filter>
    </ClCompile>
    <ClCompile Include="src\actors\A_PNJ_1.cpp">
      <Filter>Source Files</Filter>
    </ClCompile>
    <ClCompile Include="src\actors\A_PNJ_2.cpp">
      <Filter>Source Files</Filter>
    </ClCompile>
    <ClCompile Include="src\actors\A_PNJ_3.cpp">
      <Filter>Source Files</Filter>
    </ClCompile>
    <ClCompile Include="src\actors\A_TextBox.cpp">
      <Filter>Source Files</Filter>
    </ClCompile>
    <ClCompile Include="src\actors\A_PickupObj.cpp">
      <Filter>Source Files</Filter>
    </ClCompile>
    <ClCompile Include="src\actors\A_Titlescreen.cpp">
      <Filter>Source Files</Filter>
    </ClCompile>
    <ClCompile Include="src\core\SaveMgr.cpp">
      <Filter>Source Files</Filter>
    </ClCompile>
    <ClCompile Include="src\actors\A_Chest.cpp">
      <Filter>Source Files</Filter>
    </ClCompile>
    <ClCompile Include="src\actors\A_InvMgr.cpp">
      <Filter>Source Files</Filter>
    </ClCompile>
    <ClCompile Include="src\actors\A_GUI.cpp">
      <Filter>Source Files</Filter>
    </ClCompile>
    <ClCompile Include="src\core\io.cpp">
      <Filter>Source Files</Filter>
    </ClCompile>
    <ClCompile Include="src\core\TextMgr.cpp">
      <Filter>Source Files</Filter>
    </ClCompile>
    <ClCompile Include="src\actors\A_AndroidCtrl.cpp">
      <Filter>Source Files</Filter>
    </ClCompile>
    <ClCompile Include="src\actors\A_PNJ_Max.cpp">
      <Filter>Source Files</Filter>
    </ClCompile>
    <ClCompile Include="src\actors\A_PNJ_Alex.cpp">
      <Filter>Source Files</Filter>
    </ClCompile>
    <ClCompile Include="src\actors\A_PNJ.cpp">
      <Filter>Source Files</Filter>
    </ClCompile>
    <ClCompile Include="src\actors\A_Cactus.cpp">
      <Filter>Source Files</Filter>
    </ClCompile>
    <ClCompile Include="src\actors\A_Credits.cpp">
      <Filter>Source Files</Filter>
    </ClCompile>
  </ItemGroup>
  <ItemGroup>
    <ClInclude Include="include\common.h">
      <Filter>Header Files</Filter>
    </ClInclude>
    <ClInclude Include="include\core\Game.h">
      <Filter>Header Files</Filter>
    </ClInclude>
    <ClInclude Include="include\core\InputHandler.h">
      <Filter>Header Files</Filter>
    </ClInclude>
    <ClInclude Include="src\actors\A_Mouse.h">
      <Filter>Header Files</Filter>
    </ClInclude>
    <ClInclude Include="include\core\Actors.h">
      <Filter>Header Files</Filter>
    </ClInclude>
    <ClInclude Include="include\core\States.h">
      <Filter>Header Files</Filter>
    </ClInclude>
    <ClInclude Include="src\actors\A_Joueur.h">
      <Filter>Header Files</Filter>
    </ClInclude>
    <ClInclude Include="include\json.hpp">
      <Filter>Header Files</Filter>
    </ClInclude>
    <ClInclude Include="src\actors\A_Map.h">
      <Filter>Header Files</Filter>
    </ClInclude>
    <ClInclude Include="src\actors\A_Camera.h">
      <Filter>Header Files</Filter>
    </ClInclude>
    <ClInclude Include="include\res\debugfont.h">
      <Filter>Header Files</Filter>
    </ClInclude>
    <ClInclude Include="src\actors\A_Inter.h">
      <Filter>Header Files</Filter>
    </ClInclude>
    <ClInclude Include="src\actors\A_PNJ_1.h">
      <Filter>Header Files</Filter>
    </ClInclude>
    <ClInclude Include="src\actors\A_PNJ_2.h">
      <Filter>Header Files</Filter>
    </ClInclude>
    <ClInclude Include="src\actors\A_PNJ_3.h">
      <Filter>Header Files</Filter>
    </ClInclude>
    <ClInclude Include="src\actors\A_TextBox.h">
      <Filter>Header Files</Filter>
    </ClInclude>
    <ClInclude Include="src\actors\A_PickupObj.h">
      <Filter>Header Files</Filter>
    </ClInclude>
    <ClInclude Include="src\actors\A_Titlescreen.h">
      <Filter>Header Files</Filter>
    </ClInclude>
    <ClInclude Include="include\core\SaveMgr.h">
      <Filter>Header Files</Filter>
    </ClInclude>
    <ClInclude Include="src\actors\A_Chest.h">
      <Filter>Header Files</Filter>
    </ClInclude>
    <ClInclude Include="src\actors\A_InvMgr.h">
      <Filter>Header Files</Filter>
    </ClInclude>
    <ClInclude Include="src\actors\A_GUI.h">
      <Filter>Header Files</Filter>
    </ClInclude>
    <ClInclude Include="include\core\io.h">
      <Filter>Header Files</Filter>
    </ClInclude>
    <ClInclude Include="include\core\TextMgr.h">
      <Filter>Header Files</Filter>
    </ClInclude>
    <ClInclude Include="src\actors\A_AndroidCtrl.h">
      <Filter>Header Files</Filter>
    </ClInclude>
    <ClInclude Include="src\actors\A_PNJ_Max.h">
      <Filter>Header Files</Filter>
    </ClInclude>
    <ClInclude Include="src\actors\A_PNJ_Alex.h">
      <Filter>Header Files</Filter>
    </ClInclude>
    <ClInclude Include="src\actors\A_PNJ.h">
      <Filter>Header Files</Filter>
    </ClInclude>
    <ClInclude Include="src\actors\A_Cactus.h">
      <Filter>Header Files</Filter>
    </ClInclude>
    <ClInclude Include="src\actors\A_Credits.h">
      <Filter>Header Files</Filter>
    </ClInclude>
  </ItemGroup>
</Project>